
Microsoft Visual Studio Solution File, Format Version 12.00
# Visual Studio 15
VisualStudioVersion = 15.0.27703.2042
MinimumVisualStudioVersion = 10.0.40219.1
Project("{FAE04EC0-301F-11D3-BF4B-00C04F79EFBC}") = "Calculator.Android", "Calculator\Calculator.Android\Calculator.Android.csproj", "{D85DF477-2753-42AA-B24D-1030B5D3359F}"
EndProject
Project("{FAE04EC0-301F-11D3-BF4B-00C04F79EFBC}") = "Calculator.iOS", "Calculator\Calculator.iOS\Calculator.iOS.csproj", "{7317F6E9-F731-4359-AE0C-897C02510406}"
EndProject
Project("{FAE04EC0-301F-11D3-BF4B-00C04F79EFBC}") = "Calculator.UWP", "Calculator\Calculator.UWP\Calculator.UWP.csproj", "{93BAD1D9-606E-4198-AB87-0D407BCAD84A}"
EndProject
Project("{FAE04EC0-301F-11D3-BF4B-00C04F79EFBC}") = "Calculator", "Calculator\Calculator\Calculator.csproj", "{1105B8FF-0212-4AEE-B64C-1AB6DC07E200}"
EndProject
Global
	GlobalSection(SolutionConfigurationPlatforms) = preSolution
		Ad-Hoc|Any CPU = Ad-Hoc|Any CPU
		Ad-Hoc|ARM = Ad-Hoc|ARM
		Ad-Hoc|iPhone = Ad-Hoc|iPhone
		Ad-Hoc|iPhoneSimulator = Ad-Hoc|iPhoneSimulator
		Ad-Hoc|x64 = Ad-Hoc|x64
		Ad-Hoc|x86 = Ad-Hoc|x86
		AppStore|Any CPU = AppStore|Any CPU
		AppStore|ARM = AppStore|ARM
		AppStore|iPhone = AppStore|iPhone
		AppStore|iPhoneSimulator = AppStore|iPhoneSimulator
		AppStore|x64 = AppStore|x64
		AppStore|x86 = AppStore|x86
		Debug|Any CPU = Debug|Any CPU
		Debug|ARM = Debug|ARM
		Debug|iPhone = Debug|iPhone
		Debug|iPhoneSimulator = Debug|iPhoneSimulator
		Debug|x64 = Debug|x64
		Debug|x86 = Debug|x86
		Release|Any CPU = Release|Any CPU
		Release|ARM = Release|ARM
		Release|iPhone = Release|iPhone
		Release|iPhoneSimulator = Release|iPhoneSimulator
		Release|x64 = Release|x64
		Release|x86 = Release|x86
	EndGlobalSection
	GlobalSection(ProjectConfigurationPlatforms) = postSolution
		{D85DF477-2753-42AA-B24D-1030B5D3359F}.Ad-Hoc|Any CPU.ActiveCfg = Release|Any CPU
		{D85DF477-2753-42AA-B24D-1030B5D3359F}.Ad-Hoc|Any CPU.Build.0 = Release|Any CPU
		{D85DF477-2753-42AA-B24D-1030B5D3359F}.Ad-Hoc|Any CPU.Deploy.0 = Release|Any CPU
		{D85DF477-2753-42AA-B24D-1030B5D3359F}.Ad-Hoc|ARM.ActiveCfg = Release|Any CPU
		{D85DF477-2753-42AA-B24D-1030B5D3359F}.Ad-Hoc|ARM.Build.0 = Release|Any CPU
		{D85DF477-2753-42AA-B24D-1030B5D3359F}.Ad-Hoc|ARM.Deploy.0 = Release|Any CPU
		{D85DF477-2753-42AA-B24D-1030B5D3359F}.Ad-Hoc|iPhone.ActiveCfg = Release|Any CPU
		{D85DF477-2753-42AA-B24D-1030B5D3359F}.Ad-Hoc|iPhone.Build.0 = Release|Any CPU
		{D85DF477-2753-42AA-B24D-1030B5D3359F}.Ad-Hoc|iPhone.Deploy.0 = Release|Any CPU
		{D85DF477-2753-42AA-B24D-1030B5D3359F}.Ad-Hoc|iPhoneSimulator.ActiveCfg = Release|Any CPU
		{D85DF477-2753-42AA-B24D-1030B5D3359F}.Ad-Hoc|iPhoneSimulator.Build.0 = Release|Any CPU
		{D85DF477-2753-42AA-B24D-1030B5D3359F}.Ad-Hoc|iPhoneSimulator.Deploy.0 = Release|Any CPU
		{D85DF477-2753-42AA-B24D-1030B5D3359F}.Ad-Hoc|x64.ActiveCfg = Release|Any CPU
		{D85DF477-2753-42AA-B24D-1030B5D3359F}.Ad-Hoc|x64.Build.0 = Release|Any CPU
		{D85DF477-2753-42AA-B24D-1030B5D3359F}.Ad-Hoc|x64.Deploy.0 = Release|Any CPU
		{D85DF477-2753-42AA-B24D-1030B5D3359F}.Ad-Hoc|x86.ActiveCfg = Release|Any CPU
		{D85DF477-2753-42AA-B24D-1030B5D3359F}.Ad-Hoc|x86.Build.0 = Release|Any CPU
		{D85DF477-2753-42AA-B24D-1030B5D3359F}.Ad-Hoc|x86.Deploy.0 = Release|Any CPU
		{D85DF477-2753-42AA-B24D-1030B5D3359F}.AppStore|Any CPU.ActiveCfg = Release|Any CPU
		{D85DF477-2753-42AA-B24D-1030B5D3359F}.AppStore|Any CPU.Build.0 = Release|Any CPU
		{D85DF477-2753-42AA-B24D-1030B5D3359F}.AppStore|Any CPU.Deploy.0 = Release|Any CPU
		{D85DF477-2753-42AA-B24D-1030B5D3359F}.AppStore|ARM.ActiveCfg = Release|Any CPU
		{D85DF477-2753-42AA-B24D-1030B5D3359F}.AppStore|ARM.Build.0 = Release|Any CPU
		{D85DF477-2753-42AA-B24D-1030B5D3359F}.AppStore|ARM.Deploy.0 = Release|Any CPU
		{D85DF477-2753-42AA-B24D-1030B5D3359F}.AppStore|iPhone.ActiveCfg = Release|Any CPU
		{D85DF477-2753-42AA-B24D-1030B5D3359F}.AppStore|iPhone.Build.0 = Release|Any CPU
		{D85DF477-2753-42AA-B24D-1030B5D3359F}.AppStore|iPhone.Deploy.0 = Release|Any CPU
		{D85DF477-2753-42AA-B24D-1030B5D3359F}.AppStore|iPhoneSimulator.ActiveCfg = Release|Any CPU
		{D85DF477-2753-42AA-B24D-1030B5D3359F}.AppStore|iPhoneSimulator.Build.0 = Release|Any CPU
		{D85DF477-2753-42AA-B24D-1030B5D3359F}.AppStore|iPhoneSimulator.Deploy.0 = Release|Any CPU
		{D85DF477-2753-42AA-B24D-1030B5D3359F}.AppStore|x64.ActiveCfg = Release|Any CPU
		{D85DF477-2753-42AA-B24D-1030B5D3359F}.AppStore|x64.Build.0 = Release|Any CPU
		{D85DF477-2753-42AA-B24D-1030B5D3359F}.AppStore|x64.Deploy.0 = Release|Any CPU
		{D85DF477-2753-42AA-B24D-1030B5D3359F}.AppStore|x86.ActiveCfg = Release|Any CPU
		{D85DF477-2753-42AA-B24D-1030B5D3359F}.AppStore|x86.Build.0 = Release|Any CPU
		{D85DF477-2753-42AA-B24D-1030B5D3359F}.AppStore|x86.Deploy.0 = Release|Any CPU
		{D85DF477-2753-42AA-B24D-1030B5D3359F}.Debug|Any CPU.ActiveCfg = Debug|Any CPU
		{D85DF477-2753-42AA-B24D-1030B5D3359F}.Debug|Any CPU.Build.0 = Debug|Any CPU
		{D85DF477-2753-42AA-B24D-1030B5D3359F}.Debug|Any CPU.Deploy.0 = Debug|Any CPU
		{D85DF477-2753-42AA-B24D-1030B5D3359F}.Debug|ARM.ActiveCfg = Debug|Any CPU
		{D85DF477-2753-42AA-B24D-1030B5D3359F}.Debug|ARM.Build.0 = Debug|Any CPU
		{D85DF477-2753-42AA-B24D-1030B5D3359F}.Debug|ARM.Deploy.0 = Debug|Any CPU
		{D85DF477-2753-42AA-B24D-1030B5D3359F}.Debug|iPhone.ActiveCfg = Debug|Any CPU
		{D85DF477-2753-42AA-B24D-1030B5D3359F}.Debug|iPhone.Build.0 = Debug|Any CPU
		{D85DF477-2753-42AA-B24D-1030B5D3359F}.Debug|iPhone.Deploy.0 = Debug|Any CPU
		{D85DF477-2753-42AA-B24D-1030B5D3359F}.Debug|iPhoneSimulator.ActiveCfg = Debug|Any CPU
		{D85DF477-2753-42AA-B24D-1030B5D3359F}.Debug|iPhoneSimulator.Build.0 = Debug|Any CPU
		{D85DF477-2753-42AA-B24D-1030B5D3359F}.Debug|iPhoneSimulator.Deploy.0 = Debug|Any CPU
		{D85DF477-2753-42AA-B24D-1030B5D3359F}.Debug|x64.ActiveCfg = Debug|Any CPU
		{D85DF477-2753-42AA-B24D-1030B5D3359F}.Debug|x64.Build.0 = Debug|Any CPU
		{D85DF477-2753-42AA-B24D-1030B5D3359F}.Debug|x64.Deploy.0 = Debug|Any CPU
		{D85DF477-2753-42AA-B24D-1030B5D3359F}.Debug|x86.ActiveCfg = Debug|Any CPU
		{D85DF477-2753-42AA-B24D-1030B5D3359F}.Debug|x86.Build.0 = Debug|Any CPU
		{D85DF477-2753-42AA-B24D-1030B5D3359F}.Debug|x86.Deploy.0 = Debug|Any CPU
		{D85DF477-2753-42AA-B24D-1030B5D3359F}.Release|Any CPU.ActiveCfg = Release|Any CPU
		{D85DF477-2753-42AA-B24D-1030B5D3359F}.Release|Any CPU.Build.0 = Release|Any CPU
		{D85DF477-2753-42AA-B24D-1030B5D3359F}.Release|Any CPU.Deploy.0 = Release|Any CPU
		{D85DF477-2753-42AA-B24D-1030B5D3359F}.Release|ARM.ActiveCfg = Release|Any CPU
		{D85DF477-2753-42AA-B24D-1030B5D3359F}.Release|ARM.Build.0 = Release|Any CPU
		{D85DF477-2753-42AA-B24D-1030B5D3359F}.Release|ARM.Deploy.0 = Release|Any CPU
		{D85DF477-2753-42AA-B24D-1030B5D3359F}.Release|iPhone.ActiveCfg = Release|Any CPU
		{D85DF477-2753-42AA-B24D-1030B5D3359F}.Release|iPhone.Build.0 = Release|Any CPU
		{D85DF477-2753-42AA-B24D-1030B5D3359F}.Release|iPhone.Deploy.0 = Release|Any CPU
		{D85DF477-2753-42AA-B24D-1030B5D3359F}.Release|iPhoneSimulator.ActiveCfg = Release|Any CPU
		{D85DF477-2753-42AA-B24D-1030B5D3359F}.Release|iPhoneSimulator.Build.0 = Release|Any CPU
		{D85DF477-2753-42AA-B24D-1030B5D3359F}.Release|iPhoneSimulator.Deploy.0 = Release|Any CPU
		{D85DF477-2753-42AA-B24D-1030B5D3359F}.Release|x64.ActiveCfg = Release|Any CPU
		{D85DF477-2753-42AA-B24D-1030B5D3359F}.Release|x64.Build.0 = Release|Any CPU
		{D85DF477-2753-42AA-B24D-1030B5D3359F}.Release|x64.Deploy.0 = Release|Any CPU
		{D85DF477-2753-42AA-B24D-1030B5D3359F}.Release|x86.ActiveCfg = Release|Any CPU
		{D85DF477-2753-42AA-B24D-1030B5D3359F}.Release|x86.Build.0 = Release|Any CPU
		{D85DF477-2753-42AA-B24D-1030B5D3359F}.Release|x86.Deploy.0 = Release|Any CPU
		{7317F6E9-F731-4359-AE0C-897C02510406}.Ad-Hoc|Any CPU.ActiveCfg = Ad-Hoc|iPhone
		{7317F6E9-F731-4359-AE0C-897C02510406}.Ad-Hoc|Any CPU.Build.0 = Ad-Hoc|iPhone
		{7317F6E9-F731-4359-AE0C-897C02510406}.Ad-Hoc|Any CPU.Deploy.0 = Ad-Hoc|iPhone
		{7317F6E9-F731-4359-AE0C-897C02510406}.Ad-Hoc|ARM.ActiveCfg = Ad-Hoc|iPhone
		{7317F6E9-F731-4359-AE0C-897C02510406}.Ad-Hoc|ARM.Build.0 = Ad-Hoc|iPhone
		{7317F6E9-F731-4359-AE0C-897C02510406}.Ad-Hoc|ARM.Deploy.0 = Ad-Hoc|iPhone
		{7317F6E9-F731-4359-AE0C-897C02510406}.Ad-Hoc|iPhone.ActiveCfg = Ad-Hoc|iPhone
		{7317F6E9-F731-4359-AE0C-897C02510406}.Ad-Hoc|iPhone.Build.0 = Ad-Hoc|iPhone
		{7317F6E9-F731-4359-AE0C-897C02510406}.Ad-Hoc|iPhone.Deploy.0 = Ad-Hoc|iPhone
		{7317F6E9-F731-4359-AE0C-897C02510406}.Ad-Hoc|iPhoneSimulator.ActiveCfg = Ad-Hoc|iPhoneSimulator
		{7317F6E9-F731-4359-AE0C-897C02510406}.Ad-Hoc|iPhoneSimulator.Build.0 = Ad-Hoc|iPhoneSimulator
		{7317F6E9-F731-4359-AE0C-897C02510406}.Ad-Hoc|iPhoneSimulator.Deploy.0 = Ad-Hoc|iPhoneSimulator
		{7317F6E9-F731-4359-AE0C-897C02510406}.Ad-Hoc|x64.ActiveCfg = Ad-Hoc|iPhone
		{7317F6E9-F731-4359-AE0C-897C02510406}.Ad-Hoc|x64.Build.0 = Ad-Hoc|iPhone
		{7317F6E9-F731-4359-AE0C-897C02510406}.Ad-Hoc|x64.Deploy.0 = Ad-Hoc|iPhone
		{7317F6E9-F731-4359-AE0C-897C02510406}.Ad-Hoc|x86.ActiveCfg = Ad-Hoc|iPhone
		{7317F6E9-F731-4359-AE0C-897C02510406}.Ad-Hoc|x86.Build.0 = Ad-Hoc|iPhone
		{7317F6E9-F731-4359-AE0C-897C02510406}.Ad-Hoc|x86.Deploy.0 = Ad-Hoc|iPhone
		{7317F6E9-F731-4359-AE0C-897C02510406}.AppStore|Any CPU.ActiveCfg = AppStore|iPhone
		{7317F6E9-F731-4359-AE0C-897C02510406}.AppStore|Any CPU.Build.0 = AppStore|iPhone
		{7317F6E9-F731-4359-AE0C-897C02510406}.AppStore|Any CPU.Deploy.0 = AppStore|iPhone
		{7317F6E9-F731-4359-AE0C-897C02510406}.AppStore|ARM.ActiveCfg = AppStore|iPhone
		{7317F6E9-F731-4359-AE0C-897C02510406}.AppStore|ARM.Build.0 = AppStore|iPhone
		{7317F6E9-F731-4359-AE0C-897C02510406}.AppStore|ARM.Deploy.0 = AppStore|iPhone
		{7317F6E9-F731-4359-AE0C-897C02510406}.AppStore|iPhone.ActiveCfg = AppStore|iPhone
		{7317F6E9-F731-4359-AE0C-897C02510406}.AppStore|iPhone.Build.0 = AppStore|iPhone
		{7317F6E9-F731-4359-AE0C-897C02510406}.AppStore|iPhone.Deploy.0 = AppStore|iPhone
		{7317F6E9-F731-4359-AE0C-897C02510406}.AppStore|iPhoneSimulator.ActiveCfg = AppStore|iPhoneSimulator
		{7317F6E9-F731-4359-AE0C-897C02510406}.AppStore|iPhoneSimulator.Build.0 = AppStore|iPhoneSimulator
		{7317F6E9-F731-4359-AE0C-897C02510406}.AppStore|iPhoneSimulator.Deploy.0 = AppStore|iPhoneSimulator
		{7317F6E9-F731-4359-AE0C-897C02510406}.AppStore|x64.ActiveCfg = AppStore|iPhone
		{7317F6E9-F731-4359-AE0C-897C02510406}.AppStore|x64.Build.0 = AppStore|iPhone
		{7317F6E9-F731-4359-AE0C-897C02510406}.AppStore|x64.Deploy.0 = AppStore|iPhone
		{7317F6E9-F731-4359-AE0C-897C02510406}.AppStore|x86.ActiveCfg = AppStore|iPhone
		{7317F6E9-F731-4359-AE0C-897C02510406}.AppStore|x86.Build.0 = AppStore|iPhone
		{7317F6E9-F731-4359-AE0C-897C02510406}.AppStore|x86.Deploy.0 = AppStore|iPhone
		{7317F6E9-F731-4359-AE0C-897C02510406}.Debug|Any CPU.ActiveCfg = Debug|iPhoneSimulator
		{7317F6E9-F731-4359-AE0C-897C02510406}.Debug|Any CPU.Build.0 = Debug|iPhoneSimulator
		{7317F6E9-F731-4359-AE0C-897C02510406}.Debug|Any CPU.Deploy.0 = Debug|iPhoneSimulator
		{7317F6E9-F731-4359-AE0C-897C02510406}.Debug|ARM.ActiveCfg = Debug|iPhone
		{7317F6E9-F731-4359-AE0C-897C02510406}.Debug|ARM.Build.0 = Debug|iPhone
		{7317F6E9-F731-4359-AE0C-897C02510406}.Debug|ARM.Deploy.0 = Debug|iPhone
		{7317F6E9-F731-4359-AE0C-897C02510406}.Debug|iPhone.ActiveCfg = Debug|iPhone
		{7317F6E9-F731-4359-AE0C-897C02510406}.Debug|iPhone.Build.0 = Debug|iPhone
		{7317F6E9-F731-4359-AE0C-897C02510406}.Debug|iPhone.Deploy.0 = Debug|iPhone
		{7317F6E9-F731-4359-AE0C-897C02510406}.Debug|iPhoneSimulator.ActiveCfg = Debug|iPhoneSimulator
		{7317F6E9-F731-4359-AE0C-897C02510406}.Debug|iPhoneSimulator.Build.0 = Debug|iPhoneSimulator
		{7317F6E9-F731-4359-AE0C-897C02510406}.Debug|iPhoneSimulator.Deploy.0 = Debug|iPhoneSimulator
		{7317F6E9-F731-4359-AE0C-897C02510406}.Debug|x64.ActiveCfg = Debug|iPhone
		{7317F6E9-F731-4359-AE0C-897C02510406}.Debug|x64.Build.0 = Debug|iPhone
		{7317F6E9-F731-4359-AE0C-897C02510406}.Debug|x64.Deploy.0 = Debug|iPhone
		{7317F6E9-F731-4359-AE0C-897C02510406}.Debug|x86.ActiveCfg = Debug|iPhone
		{7317F6E9-F731-4359-AE0C-897C02510406}.Debug|x86.Build.0 = Debug|iPhone
		{7317F6E9-F731-4359-AE0C-897C02510406}.Debug|x86.Deploy.0 = Debug|iPhone
		{7317F6E9-F731-4359-AE0C-897C02510406}.Release|Any CPU.ActiveCfg = Release|iPhone
		{7317F6E9-F731-4359-AE0C-897C02510406}.Release|Any CPU.Build.0 = Release|iPhone
		{7317F6E9-F731-4359-AE0C-897C02510406}.Release|Any CPU.Deploy.0 = Release|iPhone
		{7317F6E9-F731-4359-AE0C-897C02510406}.Release|ARM.ActiveCfg = Release|iPhone
		{7317F6E9-F731-4359-AE0C-897C02510406}.Release|ARM.Build.0 = Release|iPhone
		{7317F6E9-F731-4359-AE0C-897C02510406}.Release|ARM.Deploy.0 = Release|iPhone
		{7317F6E9-F731-4359-AE0C-897C02510406}.Release|iPhone.ActiveCfg = Release|iPhone
		{7317F6E9-F731-4359-AE0C-897C02510406}.Release|iPhone.Build.0 = Release|iPhone
		{7317F6E9-F731-4359-AE0C-897C02510406}.Release|iPhone.Deploy.0 = Release|iPhone
		{7317F6E9-F731-4359-AE0C-897C02510406}.Release|iPhoneSimulator.ActiveCfg = Release|iPhoneSimulator
		{7317F6E9-F731-4359-AE0C-897C02510406}.Release|iPhoneSimulator.Build.0 = Release|iPhoneSimulator
		{7317F6E9-F731-4359-AE0C-897C02510406}.Release|iPhoneSimulator.Deploy.0 = Release|iPhoneSimulator
		{7317F6E9-F731-4359-AE0C-897C02510406}.Release|x64.ActiveCfg = Release|iPhone
		{7317F6E9-F731-4359-AE0C-897C02510406}.Release|x64.Build.0 = Release|iPhone
		{7317F6E9-F731-4359-AE0C-897C02510406}.Release|x64.Deploy.0 = Release|iPhone
		{7317F6E9-F731-4359-AE0C-897C02510406}.Release|x86.ActiveCfg = Release|iPhone
		{7317F6E9-F731-4359-AE0C-897C02510406}.Release|x86.Build.0 = Release|iPhone
		{7317F6E9-F731-4359-AE0C-897C02510406}.Release|x86.Deploy.0 = Release|iPhone
		{93BAD1D9-606E-4198-AB87-0D407BCAD84A}.Ad-Hoc|Any CPU.ActiveCfg = Release|x86
		{93BAD1D9-606E-4198-AB87-0D407BCAD84A}.Ad-Hoc|Any CPU.Build.0 = Release|x86
		{93BAD1D9-606E-4198-AB87-0D407BCAD84A}.Ad-Hoc|Any CPU.Deploy.0 = Release|x86
		{93BAD1D9-606E-4198-AB87-0D407BCAD84A}.Ad-Hoc|ARM.ActiveCfg = Release|ARM
		{93BAD1D9-606E-4198-AB87-0D407BCAD84A}.Ad-Hoc|ARM.Build.0 = Release|ARM
		{93BAD1D9-606E-4198-AB87-0D407BCAD84A}.Ad-Hoc|ARM.Deploy.0 = Release|ARM
		{93BAD1D9-606E-4198-AB87-0D407BCAD84A}.Ad-Hoc|iPhone.ActiveCfg = Release|x86
		{93BAD1D9-606E-4198-AB87-0D407BCAD84A}.Ad-Hoc|iPhone.Build.0 = Release|x86
		{93BAD1D9-606E-4198-AB87-0D407BCAD84A}.Ad-Hoc|iPhone.Deploy.0 = Release|x86
		{93BAD1D9-606E-4198-AB87-0D407BCAD84A}.Ad-Hoc|iPhoneSimulator.ActiveCfg = Release|x86
		{93BAD1D9-606E-4198-AB87-0D407BCAD84A}.Ad-Hoc|iPhoneSimulator.Build.0 = Release|x86
		{93BAD1D9-606E-4198-AB87-0D407BCAD84A}.Ad-Hoc|iPhoneSimulator.Deploy.0 = Release|x86
		{93BAD1D9-606E-4198-AB87-0D407BCAD84A}.Ad-Hoc|x64.ActiveCfg = Release|x64
		{93BAD1D9-606E-4198-AB87-0D407BCAD84A}.Ad-Hoc|x64.Build.0 = Release|x64
		{93BAD1D9-606E-4198-AB87-0D407BCAD84A}.Ad-Hoc|x64.Deploy.0 = Release|x64
		{93BAD1D9-606E-4198-AB87-0D407BCAD84A}.Ad-Hoc|x86.ActiveCfg = Release|x86
		{93BAD1D9-606E-4198-AB87-0D407BCAD84A}.Ad-Hoc|x86.Build.0 = Release|x86
		{93BAD1D9-606E-4198-AB87-0D407BCAD84A}.Ad-Hoc|x86.Deploy.0 = Release|x86
		{93BAD1D9-606E-4198-AB87-0D407BCAD84A}.AppStore|Any CPU.ActiveCfg = Release|x86
		{93BAD1D9-606E-4198-AB87-0D407BCAD84A}.AppStore|Any CPU.Build.0 = Release|x86
		{93BAD1D9-606E-4198-AB87-0D407BCAD84A}.AppStore|Any CPU.Deploy.0 = Release|x86
		{93BAD1D9-606E-4198-AB87-0D407BCAD84A}.AppStore|ARM.ActiveCfg = Release|ARM
		{93BAD1D9-606E-4198-AB87-0D407BCAD84A}.AppStore|ARM.Build.0 = Release|ARM
		{93BAD1D9-606E-4198-AB87-0D407BCAD84A}.AppStore|ARM.Deploy.0 = Release|ARM
		{93BAD1D9-606E-4198-AB87-0D407BCAD84A}.AppStore|iPhone.ActiveCfg = Release|x86
		{93BAD1D9-606E-4198-AB87-0D407BCAD84A}.AppStore|iPhone.Build.0 = Release|x86
		{93BAD1D9-606E-4198-AB87-0D407BCAD84A}.AppStore|iPhone.Deploy.0 = Release|x86
		{93BAD1D9-606E-4198-AB87-0D407BCAD84A}.AppStore|iPhoneSimulator.ActiveCfg = Release|x86
		{93BAD1D9-606E-4198-AB87-0D407BCAD84A}.AppStore|iPhoneSimulator.Build.0 = Release|x86
		{93BAD1D9-606E-4198-AB87-0D407BCAD84A}.AppStore|iPhoneSimulator.Deploy.0 = Release|x86
		{93BAD1D9-606E-4198-AB87-0D407BCAD84A}.AppStore|x64.ActiveCfg = Release|x64
		{93BAD1D9-606E-4198-AB87-0D407BCAD84A}.AppStore|x64.Build.0 = Release|x64
		{93BAD1D9-606E-4198-AB87-0D407BCAD84A}.AppStore|x64.Deploy.0 = Release|x64
		{93BAD1D9-606E-4198-AB87-0D407BCAD84A}.AppStore|x86.ActiveCfg = Release|x86
		{93BAD1D9-606E-4198-AB87-0D407BCAD84A}.AppStore|x86.Build.0 = Release|x86
		{93BAD1D9-606E-4198-AB87-0D407BCAD84A}.AppStore|x86.Deploy.0 = Release|x86
		{93BAD1D9-606E-4198-AB87-0D407BCAD84A}.Debug|Any CPU.ActiveCfg = Debug|x86
		{93BAD1D9-606E-4198-AB87-0D407BCAD84A}.Debug|Any CPU.Build.0 = Debug|x86
		{93BAD1D9-606E-4198-AB87-0D407BCAD84A}.Debug|Any CPU.Deploy.0 = Debug|x86
		{93BAD1D9-606E-4198-AB87-0D407BCAD84A}.Debug|ARM.ActiveCfg = Debug|ARM
		{93BAD1D9-606E-4198-AB87-0D407BCAD84A}.Debug|ARM.Build.0 = Debug|ARM
		{93BAD1D9-606E-4198-AB87-0D407BCAD84A}.Debug|ARM.Deploy.0 = Debug|ARM
		{93BAD1D9-606E-4198-AB87-0D407BCAD84A}.Debug|iPhone.ActiveCfg = Debug|x86
		{93BAD1D9-606E-4198-AB87-0D407BCAD84A}.Debug|iPhone.Build.0 = Debug|x86
		{93BAD1D9-606E-4198-AB87-0D407BCAD84A}.Debug|iPhone.Deploy.0 = Debug|x86
		{93BAD1D9-606E-4198-AB87-0D407BCAD84A}.Debug|iPhoneSimulator.ActiveCfg = Debug|x86
		{93BAD1D9-606E-4198-AB87-0D407BCAD84A}.Debug|iPhoneSimulator.Build.0 = Debug|x86
		{93BAD1D9-606E-4198-AB87-0D407BCAD84A}.Debug|iPhoneSimulator.Deploy.0 = Debug|x86
		{93BAD1D9-606E-4198-AB87-0D407BCAD84A}.Debug|x64.ActiveCfg = Debug|x64
		{93BAD1D9-606E-4198-AB87-0D407BCAD84A}.Debug|x64.Build.0 = Debug|x64
		{93BAD1D9-606E-4198-AB87-0D407BCAD84A}.Debug|x64.Deploy.0 = Debug|x64
		{93BAD1D9-606E-4198-AB87-0D407BCAD84A}.Debug|x86.ActiveCfg = Debug|x86
		{93BAD1D9-606E-4198-AB87-0D407BCAD84A}.Debug|x86.Build.0 = Debug|x86
		{93BAD1D9-606E-4198-AB87-0D407BCAD84A}.Debug|x86.Deploy.0 = Debug|x86
		{93BAD1D9-606E-4198-AB87-0D407BCAD84A}.Release|Any CPU.ActiveCfg = Release|x86
		{93BAD1D9-606E-4198-AB87-0D407BCAD84A}.Release|Any CPU.Build.0 = Release|x86
		{93BAD1D9-606E-4198-AB87-0D407BCAD84A}.Release|Any CPU.Deploy.0 = Release|x86
		{93BAD1D9-606E-4198-AB87-0D407BCAD84A}.Release|ARM.ActiveCfg = Release|ARM
		{93BAD1D9-606E-4198-AB87-0D407BCAD84A}.Release|ARM.Build.0 = Release|ARM
		{93BAD1D9-606E-4198-AB87-0D407BCAD84A}.Release|ARM.Deploy.0 = Release|ARM
		{93BAD1D9-606E-4198-AB87-0D407BCAD84A}.Release|iPhone.ActiveCfg = Release|x86
		{93BAD1D9-606E-4198-AB87-0D407BCAD84A}.Release|iPhone.Build.0 = Release|x86
		{93BAD1D9-606E-4198-AB87-0D407BCAD84A}.Release|iPhone.Deploy.0 = Release|x86
		{93BAD1D9-606E-4198-AB87-0D407BCAD84A}.Release|iPhoneSimulator.ActiveCfg = Release|x86
		{93BAD1D9-606E-4198-AB87-0D407BCAD84A}.Release|iPhoneSimulator.Build.0 = Release|x86
		{93BAD1D9-606E-4198-AB87-0D407BCAD84A}.Release|iPhoneSimulator.Deploy.0 = Release|x86
		{93BAD1D9-606E-4198-AB87-0D407BCAD84A}.Release|x64.ActiveCfg = Release|x64
		{93BAD1D9-606E-4198-AB87-0D407BCAD84A}.Release|x64.Build.0 = Release|x64
		{93BAD1D9-606E-4198-AB87-0D407BCAD84A}.Release|x64.Deploy.0 = Release|x64
		{93BAD1D9-606E-4198-AB87-0D407BCAD84A}.Release|x86.ActiveCfg = Release|x86
		{93BAD1D9-606E-4198-AB87-0D407BCAD84A}.Release|x86.Build.0 = Release|x86
		{93BAD1D9-606E-4198-AB87-0D407BCAD84A}.Release|x86.Deploy.0 = Release|x86
		{1105B8FF-0212-4AEE-B64C-1AB6DC07E200}.Ad-Hoc|Any CPU.ActiveCfg = Debug|Any CPU
		{1105B8FF-0212-4AEE-B64C-1AB6DC07E200}.Ad-Hoc|Any CPU.Build.0 = Debug|Any CPU
		{1105B8FF-0212-4AEE-B64C-1AB6DC07E200}.Ad-Hoc|Any CPU.Deploy.0 = Debug|Any CPU
		{1105B8FF-0212-4AEE-B64C-1AB6DC07E200}.Ad-Hoc|ARM.ActiveCfg = Debug|Any CPU
		{1105B8FF-0212-4AEE-B64C-1AB6DC07E200}.Ad-Hoc|ARM.Build.0 = Debug|Any CPU
		{1105B8FF-0212-4AEE-B64C-1AB6DC07E200}.Ad-Hoc|ARM.Deploy.0 = Debug|Any CPU
		{1105B8FF-0212-4AEE-B64C-1AB6DC07E200}.Ad-Hoc|iPhone.ActiveCfg = Debug|Any CPU
		{1105B8FF-0212-4AEE-B64C-1AB6DC07E200}.Ad-Hoc|iPhone.Build.0 = Debug|Any CPU
		{1105B8FF-0212-4AEE-B64C-1AB6DC07E200}.Ad-Hoc|iPhone.Deploy.0 = Debug|Any CPU
		{1105B8FF-0212-4AEE-B64C-1AB6DC07E200}.Ad-Hoc|iPhoneSimulator.ActiveCfg = Debug|Any CPU
		{1105B8FF-0212-4AEE-B64C-1AB6DC07E200}.Ad-Hoc|iPhoneSimulator.Build.0 = Debug|Any CPU
		{1105B8FF-0212-4AEE-B64C-1AB6DC07E200}.Ad-Hoc|iPhoneSimulator.Deploy.0 = Debug|Any CPU
		{1105B8FF-0212-4AEE-B64C-1AB6DC07E200}.Ad-Hoc|x64.ActiveCfg = Debug|Any CPU
		{1105B8FF-0212-4AEE-B64C-1AB6DC07E200}.Ad-Hoc|x64.Build.0 = Debug|Any CPU
		{1105B8FF-0212-4AEE-B64C-1AB6DC07E200}.Ad-Hoc|x64.Deploy.0 = Debug|Any CPU
		{1105B8FF-0212-4AEE-B64C-1AB6DC07E200}.Ad-Hoc|x86.ActiveCfg = Debug|Any CPU
		{1105B8FF-0212-4AEE-B64C-1AB6DC07E200}.Ad-Hoc|x86.Build.0 = Debug|Any CPU
		{1105B8FF-0212-4AEE-B64C-1AB6DC07E200}.Ad-Hoc|x86.Deploy.0 = Debug|Any CPU
		{1105B8FF-0212-4AEE-B64C-1AB6DC07E200}.AppStore|Any CPU.ActiveCfg = Debug|Any CPU
		{1105B8FF-0212-4AEE-B64C-1AB6DC07E200}.AppStore|Any CPU.Build.0 = Debug|Any CPU
		{1105B8FF-0212-4AEE-B64C-1AB6DC07E200}.AppStore|Any CPU.Deploy.0 = Debug|Any CPU
		{1105B8FF-0212-4AEE-B64C-1AB6DC07E200}.AppStore|ARM.ActiveCfg = Debug|Any CPU
		{1105B8FF-0212-4AEE-B64C-1AB6DC07E200}.AppStore|ARM.Build.0 = Debug|Any CPU
		{1105B8FF-0212-4AEE-B64C-1AB6DC07E200}.AppStore|ARM.Deploy.0 = Debug|Any CPU
		{1105B8FF-0212-4AEE-B64C-1AB6DC07E200}.AppStore|iPhone.ActiveCfg = Debug|Any CPU
		{1105B8FF-0212-4AEE-B64C-1AB6DC07E200}.AppStore|iPhone.Build.0 = Debug|Any CPU
		{1105B8FF-0212-4AEE-B64C-1AB6DC07E200}.AppStore|iPhone.Deploy.0 = Debug|Any CPU
		{1105B8FF-0212-4AEE-B64C-1AB6DC07E200}.AppStore|iPhoneSimulator.ActiveCfg = Debug|Any CPU
		{1105B8FF-0212-4AEE-B64C-1AB6DC07E200}.AppStore|iPhoneSimulator.Build.0 = Debug|Any CPU
		{1105B8FF-0212-4AEE-B64C-1AB6DC07E200}.AppStore|iPhoneSimulator.Deploy.0 = Debug|Any CPU
		{1105B8FF-0212-4AEE-B64C-1AB6DC07E200}.AppStore|x64.ActiveCfg = Debug|Any CPU
		{1105B8FF-0212-4AEE-B64C-1AB6DC07E200}.AppStore|x64.Build.0 = Debug|Any CPU
		{1105B8FF-0212-4AEE-B64C-1AB6DC07E200}.AppStore|x64.Deploy.0 = Debug|Any CPU
		{1105B8FF-0212-4AEE-B64C-1AB6DC07E200}.AppStore|x86.ActiveCfg = Debug|Any CPU
		{1105B8FF-0212-4AEE-B64C-1AB6DC07E200}.AppStore|x86.Build.0 = Debug|Any CPU
		{1105B8FF-0212-4AEE-B64C-1AB6DC07E200}.AppStore|x86.Deploy.0 = Debug|Any CPU
		{1105B8FF-0212-4AEE-B64C-1AB6DC07E200}.Debug|Any CPU.ActiveCfg = Debug|Any CPU
		{1105B8FF-0212-4AEE-B64C-1AB6DC07E200}.Debug|Any CPU.Build.0 = Debug|Any CPU
		{1105B8FF-0212-4AEE-B64C-1AB6DC07E200}.Debug|Any CPU.Deploy.0 = Debug|Any CPU
		{1105B8FF-0212-4AEE-B64C-1AB6DC07E200}.Debug|ARM.ActiveCfg = Debug|Any CPU
		{1105B8FF-0212-4AEE-B64C-1AB6DC07E200}.Debug|ARM.Build.0 = Debug|Any CPU
		{1105B8FF-0212-4AEE-B64C-1AB6DC07E200}.Debug|ARM.Deploy.0 = Debug|Any CPU
		{1105B8FF-0212-4AEE-B64C-1AB6DC07E200}.Debug|iPhone.ActiveCfg = Debug|Any CPU
		{1105B8FF-0212-4AEE-B64C-1AB6DC07E200}.Debug|iPhone.Build.0 = Debug|Any CPU
		{1105B8FF-0212-4AEE-B64C-1AB6DC07E200}.Debug|iPhone.Deploy.0 = Debug|Any CPU
		{1105B8FF-0212-4AEE-B64C-1AB6DC07E200}.Debug|iPhoneSimulator.ActiveCfg = Debug|Any CPU
		{1105B8FF-0212-4AEE-B64C-1AB6DC07E200}.Debug|iPhoneSimulator.Build.0 = Debug|Any CPU
		{1105B8FF-0212-4AEE-B64C-1AB6DC07E200}.Debug|iPhoneSimulator.Deploy.0 = Debug|Any CPU
		{1105B8FF-0212-4AEE-B64C-1AB6DC07E200}.Debug|x64.ActiveCfg = Debug|Any CPU
		{1105B8FF-0212-4AEE-B64C-1AB6DC07E200}.Debug|x64.Build.0 = Debug|Any CPU
		{1105B8FF-0212-4AEE-B64C-1AB6DC07E200}.Debug|x64.Deploy.0 = Debug|Any CPU
		{1105B8FF-0212-4AEE-B64C-1AB6DC07E200}.Debug|x86.ActiveCfg = Debug|Any CPU
		{1105B8FF-0212-4AEE-B64C-1AB6DC07E200}.Debug|x86.Build.0 = Debug|Any CPU
		{1105B8FF-0212-4AEE-B64C-1AB6DC07E200}.Debug|x86.Deploy.0 = Debug|Any CPU
		{1105B8FF-0212-4AEE-B64C-1AB6DC07E200}.Release|Any CPU.ActiveCfg = Release|Any CPU
		{1105B8FF-0212-4AEE-B64C-1AB6DC07E200}.Release|Any CPU.Build.0 = Release|Any CPU
		{1105B8FF-0212-4AEE-B64C-1AB6DC07E200}.Release|Any CPU.Deploy.0 = Release|Any CPU
		{1105B8FF-0212-4AEE-B64C-1AB6DC07E200}.Release|ARM.ActiveCfg = Release|Any CPU
		{1105B8FF-0212-4AEE-B64C-1AB6DC07E200}.Release|ARM.Build.0 = Release|Any CPU
		{1105B8FF-0212-4AEE-B64C-1AB6DC07E200}.Release|ARM.Deploy.0 = Release|Any CPU
		{1105B8FF-0212-4AEE-B64C-1AB6DC07E200}.Release|iPhone.ActiveCfg = Release|Any CPU
		{1105B8FF-0212-4AEE-B64C-1AB6DC07E200}.Release|iPhone.Build.0 = Release|Any CPU
		{1105B8FF-0212-4AEE-B64C-1AB6DC07E200}.Release|iPhone.Deploy.0 = Release|Any CPU
		{1105B8FF-0212-4AEE-B64C-1AB6DC07E200}.Release|iPhoneSimulator.ActiveCfg = Release|Any CPU
		{1105B8FF-0212-4AEE-B64C-1AB6DC07E200}.Release|iPhoneSimulator.Build.0 = Release|Any CPU
		{1105B8FF-0212-4AEE-B64C-1AB6DC07E200}.Release|iPhoneSimulator.Deploy.0 = Release|Any CPU
		{1105B8FF-0212-4AEE-B64C-1AB6DC07E200}.Release|x64.ActiveCfg = Release|Any CPU
		{1105B8FF-0212-4AEE-B64C-1AB6DC07E200}.Release|x64.Build.0 = Release|Any CPU
		{1105B8FF-0212-4AEE-B64C-1AB6DC07E200}.Release|x64.Deploy.0 = Release|Any CPU
		{1105B8FF-0212-4AEE-B64C-1AB6DC07E200}.Release|x86.ActiveCfg = Release|Any CPU
		{1105B8FF-0212-4AEE-B64C-1AB6DC07E200}.Release|x86.Build.0 = Release|Any CPU
		{1105B8FF-0212-4AEE-B64C-1AB6DC07E200}.Release|x86.Deploy.0 = Release|Any CPU
	EndGlobalSection
	GlobalSection(SolutionProperties) = preSolution
		HideSolutionNode = FALSE
	EndGlobalSection
	GlobalSection(ExtensibilityGlobals) = postSolution
		SolutionGuid = {5BCCA20B-910F-4A90-B622-FBF66A4AC3CC}
	EndGlobalSection
EndGlobal
